
Microsoft Visual Studio Solution File, Format Version 12.00
# Visual Studio Version 16
VisualStudioVersion = 16.0.31605.320
MinimumVisualStudioVersion = 10.0.40219.1
Project("{888888A0-9F3D-457C-B088-3A5042F75D52}") = "2048", "2048\2048.pyproj", "{FB9B5893-0B0E-4346-8C3E-AF8BDA82E57E}"
EndProject
Global
	GlobalSection(SolutionConfigurationPlatforms) = preSolution
		Debug|Any CPU = Debug|Any CPU
		Release|Any CPU = Release|Any CPU
	EndGlobalSection
	GlobalSection(ProjectConfigurationPlatforms) = postSolution
		{FB9B5893-0B0E-4346-8C3E-AF8BDA82E57E}.Debug|Any CPU.ActiveCfg = Debug|Any CPU
		{FB9B5893-0B0E-4346-8C3E-AF8BDA82E57E}.Release|Any CPU.ActiveCfg = Release|Any CPU
	EndGlobalSection
	GlobalSection(SolutionProperties) = preSolution
		HideSolutionNode = FALSE
	EndGlobalSection
	GlobalSection(ExtensibilityGlobals) = postSolution
		SolutionGuid = {44591BE1-B12B-4B42-954B-165AB1B6F271}
	EndGlobalSection
EndGlobal
